// !$*UTF8*$!
{
	archiveVersion = 1;
	classes = {
	};
	objectVersion = 45;
	objects = {

/* Begin PBXBuildFile section */
		1D3623260D0F684500981E51 /* classiwhaleAppDelegate.m in Sources */ = {isa = PBXBuildFile; fileRef = 1D3623250D0F684500981E51 /* classiwhaleAppDelegate.m */; };
		1D60589B0D05DD56006BFB54 /* main.m in Sources */ = {isa = PBXBuildFile; fileRef = 29B97316FDCFA39411CA2CEA /* main.m */; };
		1D60589F0D05DD5A006BFB54 /* Foundation.framework in Frameworks */ = {isa = PBXBuildFile; fileRef = 1D30AB110D05D00D00671497 /* Foundation.framework */; };
		1DF5F4E00D08C38300B7A737 /* UIKit.framework in Frameworks */ = {isa = PBXBuildFile; fileRef = 1DF5F4DF0D08C38300B7A737 /* UIKit.framework */; };
		288765FD0DF74451002DB57D /* CoreGraphics.framework in Frameworks */ = {isa = PBXBuildFile; fileRef = 288765FC0DF74451002DB57D /* CoreGraphics.framework */; };
		28AD733F0D9D9553002E5188 /* MainWindow.xib in Resources */ = {isa = PBXBuildFile; fileRef = 28AD733E0D9D9553002E5188 /* MainWindow.xib */; };
		B37046A6132F48DA006A3A7F /* NSObject+SBJSON.m in Sources */ = {isa = PBXBuildFile; fileRef = B370469B132F48DA006A3A7F /* NSObject+SBJSON.m */; };
		B37046A7132F48DA006A3A7F /* NSString+SBJSON.m in Sources */ = {isa = PBXBuildFile; fileRef = B370469D132F48DA006A3A7F /* NSString+SBJSON.m */; };
		B37046A8132F48DA006A3A7F /* SBJSON.m in Sources */ = {isa = PBXBuildFile; fileRef = B370469F132F48DA006A3A7F /* SBJSON.m */; };
		B37046A9132F48DA006A3A7F /* SBJsonBase.m in Sources */ = {isa = PBXBuildFile; fileRef = B37046A1132F48DA006A3A7F /* SBJsonBase.m */; };
		B37046AA132F48DA006A3A7F /* SBJsonParser.m in Sources */ = {isa = PBXBuildFile; fileRef = B37046A3132F48DA006A3A7F /* SBJsonParser.m */; };
		B37046AB132F48DA006A3A7F /* SBJsonWriter.m in Sources */ = {isa = PBXBuildFile; fileRef = B37046A5132F48DA006A3A7F /* SBJsonWriter.m */; };
		B3A386AC132EB62D0090181E /* SplashScreenViewController.m in Sources */ = {isa = PBXBuildFile; fileRef = B3A386AA132EB62D0090181E /* SplashScreenViewController.m */; };
		B3A386AD132EB62D0090181E /* SplashScreenViewController.xib in Resources */ = {isa = PBXBuildFile; fileRef = B3A386AB132EB62D0090181E /* SplashScreenViewController.xib */; };
		B3A386B2132EBBE60090181E /* classiwhale_splash.png in Resources */ = {isa = PBXBuildFile; fileRef = B3A386B1132EBBE60090181E /* classiwhale_splash.png */; };
		B3A386B8132EBC1A0090181E /* loginButton.png in Resources */ = {isa = PBXBuildFile; fileRef = B3A386B7132EBC1A0090181E /* loginButton.png */; };
		B3A386E4132EC10A0090181E /* WhaleViewController.m in Sources */ = {isa = PBXBuildFile; fileRef = B3A386E2132EC10A0090181E /* WhaleViewController.m */; };
		B3A386E5132EC10A0090181E /* WhaleViewController.xib in Resources */ = {isa = PBXBuildFile; fileRef = B3A386E3132EC10A0090181E /* WhaleViewController.xib */; };
		B3A386EB132EC73B0090181E /* magnify.png in Resources */ = {isa = PBXBuildFile; fileRef = B3A386E8132EC73B0090181E /* magnify.png */; };
		B3A386EC132EC73B0090181E /* group.png in Resources */ = {isa = PBXBuildFile; fileRef = B3A386E9132EC73B0090181E /* group.png */; };
		B3A386ED132EC73B0090181E /* newspaper.png in Resources */ = {isa = PBXBuildFile; fileRef = B3A386EA132EC73B0090181E /* newspaper.png */; };
		B3A386F1132EC7C90090181E /* SearchViewController.m in Sources */ = {isa = PBXBuildFile; fileRef = B3A386EF132EC7C90090181E /* SearchViewController.m */; };
		B3A386F2132EC7C90090181E /* SearchViewController.xib in Resources */ = {isa = PBXBuildFile; fileRef = B3A386F0132EC7C90090181E /* SearchViewController.xib */; };
		B3A386F6132EC7DD0090181E /* FollowingViewController.m in Sources */ = {isa = PBXBuildFile; fileRef = B3A386F4132EC7DD0090181E /* FollowingViewController.m */; };
		B3A386F7132EC7DD0090181E /* FollowingViewController.xib in Resources */ = {isa = PBXBuildFile; fileRef = B3A386F5132EC7DD0090181E /* FollowingViewController.xib */; };
		B3A38725132ECC760090181E /* tabbar_whale.png in Resources */ = {isa = PBXBuildFile; fileRef = B3A38724132ECC760090181E /* tabbar_whale.png */; };
		B3A38741132EDD660090181E /* TimelineViewController.m in Sources */ = {isa = PBXBuildFile; fileRef = B3A3873F132EDD660090181E /* TimelineViewController.m */; };
		B3A38742132EDD660090181E /* TimelineViewController.xib in Resources */ = {isa = PBXBuildFile; fileRef = B3A38740132EDD660090181E /* TimelineViewController.xib */; };
		B3A38745132EDD710090181E /* TimelineCell.m in Sources */ = {isa = PBXBuildFile; fileRef = B3A38744132EDD710090181E /* TimelineCell.m */; };
		B3A38747132EDD810090181E /* TimelineCell.xib in Resources */ = {isa = PBXBuildFile; fileRef = B3A38746132EDD810090181E /* TimelineCell.xib */; };
		B3A38757132EE21C0090181E /* ClassiwhaleSingleton.m in Sources */ = {isa = PBXBuildFile; fileRef = B3A38756132EE21C0090181E /* ClassiwhaleSingleton.m */; };
		B3A38840132F25EF0090181E /* jQueryInject.txt in Resources */ = {isa = PBXBuildFile; fileRef = B3A387F4132F25EF0090181E /* jQueryInject.txt */; };
		B3A38841132F25EF0090181E /* jQueryInjectLandscape.txt in Resources */ = {isa = PBXBuildFile; fileRef = B3A387F5132F25EF0090181E /* jQueryInjectLandscape.txt */; };
		B3A38842132F25EF0090181E /* libOAuth.a in Frameworks */ = {isa = PBXBuildFile; fileRef = B3A387F6132F25EF0090181E /* libOAuth.a */; };
		B3A38843132F25EF0090181E /* MGTwitterEngine.m in Sources */ = {isa = PBXBuildFile; fileRef = B3A38809132F25EF0090181E /* MGTwitterEngine.m */; };
		B3A38844132F25EF0090181E /* MGTwitterHTTPURLConnection.m in Sources */ = {isa = PBXBuildFile; fileRef = B3A3880D132F25EF0090181E /* MGTwitterHTTPURLConnection.m */; };
		B3A38845132F25EF0090181E /* MGTwitterLibXMLParser.m in Sources */ = {isa = PBXBuildFile; fileRef = B3A3880F132F25EF0090181E /* MGTwitterLibXMLParser.m */; };
		B3A38846132F25EF0090181E /* MGTwitterMessagesLibXMLParser.m in Sources */ = {isa = PBXBuildFile; fileRef = B3A38811132F25EF0090181E /* MGTwitterMessagesLibXMLParser.m */; };
		B3A38847132F25EF0090181E /* MGTwitterMessagesParser.m in Sources */ = {isa = PBXBuildFile; fileRef = B3A38813132F25EF0090181E /* MGTwitterMessagesParser.m */; };
		B3A38848132F25EF0090181E /* MGTwitterMiscLibXMLParser.m in Sources */ = {isa = PBXBuildFile; fileRef = B3A38815132F25EF0090181E /* MGTwitterMiscLibXMLParser.m */; };
		B3A38849132F25EF0090181E /* MGTwitterMiscParser.m in Sources */ = {isa = PBXBuildFile; fileRef = B3A38817132F25EF0090181E /* MGTwitterMiscParser.m */; };
		B3A3884A132F25EF0090181E /* MGTwitterStatusesLibXMLParser.m in Sources */ = {isa = PBXBuildFile; fileRef = B3A3881B132F25EF0090181E /* MGTwitterStatusesLibXMLParser.m */; };
		B3A3884B132F25EF0090181E /* MGTwitterStatusesParser.m in Sources */ = {isa = PBXBuildFile; fileRef = B3A3881D132F25EF0090181E /* MGTwitterStatusesParser.m */; };
		B3A3884C132F25EF0090181E /* MGTwitterUsersLibXMLParser.m in Sources */ = {isa = PBXBuildFile; fileRef = B3A3881F132F25EF0090181E /* MGTwitterUsersLibXMLParser.m */; };
		B3A3884D132F25EF0090181E /* MGTwitterUsersParser.m in Sources */ = {isa = PBXBuildFile; fileRef = B3A38821132F25EF0090181E /* MGTwitterUsersParser.m */; };
		B3A3884E132F25EF0090181E /* MGTwitterXMLParser.m in Sources */ = {isa = PBXBuildFile; fileRef = B3A38823132F25EF0090181E /* MGTwitterXMLParser.m */; };
		B3A3884F132F25EF0090181E /* NSData+Base64.m in Sources */ = {isa = PBXBuildFile; fileRef = B3A38825132F25EF0090181E /* NSData+Base64.m */; };
		B3A38850132F25EF0090181E /* NSString+UUID.m in Sources */ = {isa = PBXBuildFile; fileRef = B3A38827132F25EF0090181E /* NSString+UUID.m */; };
		B3A38851132F25EF0090181E /* SA_OAuthTwitterController.m in Sources */ = {isa = PBXBuildFile; fileRef = B3A3882A132F25EF0090181E /* SA_OAuthTwitterController.m */; };
		B3A38852132F25EF0090181E /* SA_OAuthTwitterEngine.m in Sources */ = {isa = PBXBuildFile; fileRef = B3A3882C132F25EF0090181E /* SA_OAuthTwitterEngine.m */; };
		B3A38853132F25EF0090181E /* twitter_load.png in Resources */ = {isa = PBXBuildFile; fileRef = B3A3882D132F25EF0090181E /* twitter_load.png */; };
		B3A388C4132F2B740090181E /* libxml2.dylib in Frameworks */ = {isa = PBXBuildFile; fileRef = B3A388C3132F2B740090181E /* libxml2.dylib */; };
		B3A38935132F3EA60090181E /* like_btn.png in Resources */ = {isa = PBXBuildFile; fileRef = B3A38934132F3EA60090181E /* like_btn.png */; };
		B3A3893B132F3EE40090181E /* dislike_btn.png in Resources */ = {isa = PBXBuildFile; fileRef = B3A3893A132F3EE40090181E /* dislike_btn.png */; };
/* End PBXBuildFile section */

/* Begin PBXFileReference section */
		1D30AB110D05D00D00671497 /* Foundation.framework */ = {isa = PBXFileReference; lastKnownFileType = wrapper.framework; name = Foundation.framework; path = System/Library/Frameworks/Foundation.framework; sourceTree = SDKROOT; };
		1D3623240D0F684500981E51 /* classiwhaleAppDelegate.h */ = {isa = PBXFileReference; fileEncoding = 4; lastKnownFileType = sourcecode.c.h; path = classiwhaleAppDelegate.h; sourceTree = "<group>"; };
		1D3623250D0F684500981E51 /* classiwhaleAppDelegate.m */ = {isa = PBXFileReference; fileEncoding = 4; lastKnownFileType = sourcecode.c.objc; path = classiwhaleAppDelegate.m; sourceTree = "<group>"; };
		1D6058910D05DD3D006BFB54 /* classiwhale.app */ = {isa = PBXFileReference; explicitFileType = wrapper.application; includeInIndex = 0; path = classiwhale.app; sourceTree = BUILT_PRODUCTS_DIR; };
		1DF5F4DF0D08C38300B7A737 /* UIKit.framework */ = {isa = PBXFileReference; lastKnownFileType = wrapper.framework; name = UIKit.framework; path = System/Library/Frameworks/UIKit.framework; sourceTree = SDKROOT; };
		288765FC0DF74451002DB57D /* CoreGraphics.framework */ = {isa = PBXFileReference; lastKnownFileType = wrapper.framework; name = CoreGraphics.framework; path = System/Library/Frameworks/CoreGraphics.framework; sourceTree = SDKROOT; };
		28AD733E0D9D9553002E5188 /* MainWindow.xib */ = {isa = PBXFileReference; lastKnownFileType = file.xib; path = MainWindow.xib; sourceTree = "<group>"; };
		29B97316FDCFA39411CA2CEA /* main.m */ = {isa = PBXFileReference; fileEncoding = 4; lastKnownFileType = sourcecode.c.objc; path = main.m; sourceTree = "<group>"; };
		32CA4F630368D1EE00C91783 /* classiwhale_Prefix.pch */ = {isa = PBXFileReference; fileEncoding = 4; lastKnownFileType = sourcecode.c.h; path = classiwhale_Prefix.pch; sourceTree = "<group>"; };
		8D1107310486CEB800E47090 /* classiwhale-Info.plist */ = {isa = PBXFileReference; fileEncoding = 4; lastKnownFileType = text.plist.xml; path = "classiwhale-Info.plist"; plistStructureDefinitionIdentifier = "com.apple.xcode.plist.structure-definition.iphone.info-plist"; sourceTree = "<group>"; };
		B3704699132F48DA006A3A7F /* JSON.h */ = {isa = PBXFileReference; fileEncoding = 4; lastKnownFileType = sourcecode.c.h; path = JSON.h; sourceTree = "<group>"; };
		B370469A132F48DA006A3A7F /* NSObject+SBJSON.h */ = {isa = PBXFileReference; fileEncoding = 4; lastKnownFileType = sourcecode.c.h; path = "NSObject+SBJSON.h"; sourceTree = "<group>"; };
		B370469B132F48DA006A3A7F /* NSObject+SBJSON.m */ = {isa = PBXFileReference; fileEncoding = 4; lastKnownFileType = sourcecode.c.objc; path = "NSObject+SBJSON.m"; sourceTree = "<group>"; };
		B370469C132F48DA006A3A7F /* NSString+SBJSON.h */ = {isa = PBXFileReference; fileEncoding = 4; lastKnownFileType = sourcecode.c.h; path = "NSString+SBJSON.h"; sourceTree = "<group>"; };
		B370469D132F48DA006A3A7F /* NSString+SBJSON.m */ = {isa = PBXFileReference; fileEncoding = 4; lastKnownFileType = sourcecode.c.objc; path = "NSString+SBJSON.m"; sourceTree = "<group>"; };
		B370469E132F48DA006A3A7F /* SBJSON.h */ = {isa = PBXFileReference; fileEncoding = 4; lastKnownFileType = sourcecode.c.h; path = SBJSON.h; sourceTree = "<group>"; };
		B370469F132F48DA006A3A7F /* SBJSON.m */ = {isa = PBXFileReference; fileEncoding = 4; lastKnownFileType = sourcecode.c.objc; path = SBJSON.m; sourceTree = "<group>"; };
		B37046A0132F48DA006A3A7F /* SBJsonBase.h */ = {isa = PBXFileReference; fileEncoding = 4; lastKnownFileType = sourcecode.c.h; path = SBJsonBase.h; sourceTree = "<group>"; };
		B37046A1132F48DA006A3A7F /* SBJsonBase.m */ = {isa = PBXFileReference; fileEncoding = 4; lastKnownFileType = sourcecode.c.objc; path = SBJsonBase.m; sourceTree = "<group>"; };
		B37046A2132F48DA006A3A7F /* SBJsonParser.h */ = {isa = PBXFileReference; fileEncoding = 4; lastKnownFileType = sourcecode.c.h; path = SBJsonParser.h; sourceTree = "<group>"; };
		B37046A3132F48DA006A3A7F /* SBJsonParser.m */ = {isa = PBXFileReference; fileEncoding = 4; lastKnownFileType = sourcecode.c.objc; path = SBJsonParser.m; sourceTree = "<group>"; };
		B37046A4132F48DA006A3A7F /* SBJsonWriter.h */ = {isa = PBXFileReference; fileEncoding = 4; lastKnownFileType = sourcecode.c.h; path = SBJsonWriter.h; sourceTree = "<group>"; };
		B37046A5132F48DA006A3A7F /* SBJsonWriter.m */ = {isa = PBXFileReference; fileEncoding = 4; lastKnownFileType = sourcecode.c.objc; path = SBJsonWriter.m; sourceTree = "<group>"; };
		B3A386A9132EB62D0090181E /* SplashScreenViewController.h */ = {isa = PBXFileReference; fileEncoding = 4; lastKnownFileType = sourcecode.c.h; path = SplashScreenViewController.h; sourceTree = "<group>"; };
		B3A386AA132EB62D0090181E /* SplashScreenViewController.m */ = {isa = PBXFileReference; fileEncoding = 4; lastKnownFileType = sourcecode.c.objc; path = SplashScreenViewController.m; sourceTree = "<group>"; };
		B3A386AB132EB62D0090181E /* SplashScreenViewController.xib */ = {isa = PBXFileReference; lastKnownFileType = file.xib; path = SplashScreenViewController.xib; sourceTree = "<group>"; };
		B3A386B1132EBBE60090181E /* classiwhale_splash.png */ = {isa = PBXFileReference; lastKnownFileType = image.png; path = classiwhale_splash.png; sourceTree = "<group>"; };
		B3A386B7132EBC1A0090181E /* loginButton.png */ = {isa = PBXFileReference; lastKnownFileType = image.png; path = loginButton.png; sourceTree = "<group>"; };
		B3A386E1132EC10A0090181E /* WhaleViewController.h */ = {isa = PBXFileReference; fileEncoding = 4; lastKnownFileType = sourcecode.c.h; path = WhaleViewController.h; sourceTree = "<group>"; };
		B3A386E2132EC10A0090181E /* WhaleViewController.m */ = {isa = PBXFileReference; fileEncoding = 4; lastKnownFileType = sourcecode.c.objc; path = WhaleViewController.m; sourceTree = "<group>"; };
		B3A386E3132EC10A0090181E /* WhaleViewController.xib */ = {isa = PBXFileReference; lastKnownFileType = file.xib; path = WhaleViewController.xib; sourceTree = "<group>"; };
		B3A386E8132EC73B0090181E /* magnify.png */ = {isa = PBXFileReference; lastKnownFileType = image.png; path = magnify.png; sourceTree = "<group>"; };
		B3A386E9132EC73B0090181E /* group.png */ = {isa = PBXFileReference; lastKnownFileType = image.png; path = group.png; sourceTree = "<group>"; };
		B3A386EA132EC73B0090181E /* newspaper.png */ = {isa = PBXFileReference; lastKnownFileType = image.png; path = newspaper.png; sourceTree = "<group>"; };
		B3A386EE132EC7C90090181E /* SearchViewController.h */ = {isa = PBXFileReference; fileEncoding = 4; lastKnownFileType = sourcecode.c.h; path = SearchViewController.h; sourceTree = "<group>"; };
		B3A386EF132EC7C90090181E /* SearchViewController.m */ = {isa = PBXFileReference; fileEncoding = 4; lastKnownFileType = sourcecode.c.objc; path = SearchViewController.m; sourceTree = "<group>"; };
		B3A386F0132EC7C90090181E /* SearchViewController.xib */ = {isa = PBXFileReference; lastKnownFileType = file.xib; path = SearchViewController.xib; sourceTree = "<group>"; };
		B3A386F3132EC7DD0090181E /* FollowingViewController.h */ = {isa = PBXFileReference; fileEncoding = 4; lastKnownFileType = sourcecode.c.h; path = FollowingViewController.h; sourceTree = "<group>"; };
		B3A386F4132EC7DD0090181E /* FollowingViewController.m */ = {isa = PBXFileReference; fileEncoding = 4; lastKnownFileType = sourcecode.c.objc; path = FollowingViewController.m; sourceTree = "<group>"; };
		B3A386F5132EC7DD0090181E /* FollowingViewController.xib */ = {isa = PBXFileReference; lastKnownFileType = file.xib; path = FollowingViewController.xib; sourceTree = "<group>"; };
		B3A38724132ECC760090181E /* tabbar_whale.png */ = {isa = PBXFileReference; lastKnownFileType = image.png; path = tabbar_whale.png; sourceTree = "<group>"; };
		B3A3873E132EDD660090181E /* TimelineViewController.h */ = {isa = PBXFileReference; fileEncoding = 4; lastKnownFileType = sourcecode.c.h; path = TimelineViewController.h; sourceTree = "<group>"; };
		B3A3873F132EDD660090181E /* TimelineViewController.m */ = {isa = PBXFileReference; fileEncoding = 4; lastKnownFileType = sourcecode.c.objc; path = TimelineViewController.m; sourceTree = "<group>"; };
		B3A38740132EDD660090181E /* TimelineViewController.xib */ = {isa = PBXFileReference; lastKnownFileType = file.xib; path = TimelineViewController.xib; sourceTree = "<group>"; };
		B3A38743132EDD710090181E /* TimelineCell.h */ = {isa = PBXFileReference; fileEncoding = 4; lastKnownFileType = sourcecode.c.h; path = TimelineCell.h; sourceTree = "<group>"; };
		B3A38744132EDD710090181E /* TimelineCell.m */ = {isa = PBXFileReference; fileEncoding = 4; lastKnownFileType = sourcecode.c.objc; path = TimelineCell.m; sourceTree = "<group>"; };
		B3A38746132EDD810090181E /* TimelineCell.xib */ = {isa = PBXFileReference; lastKnownFileType = file.xib; path = TimelineCell.xib; sourceTree = "<group>"; };
		B3A38755132EE21C0090181E /* ClassiwhaleSingleton.h */ = {isa = PBXFileReference; fileEncoding = 4; lastKnownFileType = sourcecode.c.h; path = ClassiwhaleSingleton.h; sourceTree = "<group>"; };
		B3A38756132EE21C0090181E /* ClassiwhaleSingleton.m */ = {isa = PBXFileReference; fileEncoding = 4; lastKnownFileType = sourcecode.c.objc; path = ClassiwhaleSingleton.m; sourceTree = "<group>"; };
		B3A387F4132F25EF0090181E /* jQueryInject.txt */ = {isa = PBXFileReference; fileEncoding = 4; lastKnownFileType = text; path = jQueryInject.txt; sourceTree = "<group>"; };
		B3A387F5132F25EF0090181E /* jQueryInjectLandscape.txt */ = {isa = PBXFileReference; fileEncoding = 4; lastKnownFileType = text; path = jQueryInjectLandscape.txt; sourceTree = "<group>"; };
		B3A387F6132F25EF0090181E /* libOAuth.a */ = {isa = PBXFileReference; lastKnownFileType = archive.ar; path = libOAuth.a; sourceTree = "<group>"; };
		B3A387F8132F25EF0090181E /* NSMutableURLRequest+Parameters.h */ = {isa = PBXFileReference; fileEncoding = 4; lastKnownFileType = sourcecode.c.h; path = "NSMutableURLRequest+Parameters.h"; sourceTree = "<group>"; };
		B3A387F9132F25EF0090181E /* NSString+URLEncoding.h */ = {isa = PBXFileReference; fileEncoding = 4; lastKnownFileType = sourcecode.c.h; path = "NSString+URLEncoding.h"; sourceTree = "<group>"; };
		B3A387FA132F25EF0090181E /* NSURL+Base.h */ = {isa = PBXFileReference; fileEncoding = 4; lastKnownFileType = sourcecode.c.h; path = "NSURL+Base.h"; sourceTree = "<group>"; };
		B3A387FB132F25EF0090181E /* OAAsynchronousDataFetcher.h */ = {isa = PBXFileReference; fileEncoding = 4; lastKnownFileType = sourcecode.c.h; path = OAAsynchronousDataFetcher.h; sourceTree = "<group>"; };
		B3A387FC132F25EF0090181E /* OAConsumer.h */ = {isa = PBXFileReference; fileEncoding = 4; lastKnownFileType = sourcecode.c.h; path = OAConsumer.h; sourceTree = "<group>"; };
		B3A387FD132F25EF0090181E /* OADataFetcher.h */ = {isa = PBXFileReference; fileEncoding = 4; lastKnownFileType = sourcecode.c.h; path = OADataFetcher.h; sourceTree = "<group>"; };
		B3A387FE132F25EF0090181E /* OAHMAC_SHA1SignatureProvider.h */ = {isa = PBXFileReference; fileEncoding = 4; lastKnownFileType = sourcecode.c.h; path = OAHMAC_SHA1SignatureProvider.h; sourceTree = "<group>"; };
		B3A387FF132F25EF0090181E /* OAMutableURLRequest.h */ = {isa = PBXFileReference; fileEncoding = 4; lastKnownFileType = sourcecode.c.h; path = OAMutableURLRequest.h; sourceTree = "<group>"; };
		B3A38800132F25EF0090181E /* OAPlaintextSignatureProvider.h */ = {isa = PBXFileReference; fileEncoding = 4; lastKnownFileType = sourcecode.c.h; path = OAPlaintextSignatureProvider.h; sourceTree = "<group>"; };
		B3A38801132F25EF0090181E /* OARequestParameter.h */ = {isa = PBXFileReference; fileEncoding = 4; lastKnownFileType = sourcecode.c.h; path = OARequestParameter.h; sourceTree = "<group>"; };
		B3A38802132F25EF0090181E /* OAServiceTicket.h */ = {isa = PBXFileReference; fileEncoding = 4; lastKnownFileType = sourcecode.c.h; path = OAServiceTicket.h; sourceTree = "<group>"; };
		B3A38803132F25EF0090181E /* OASignatureProviding.h */ = {isa = PBXFileReference; fileEncoding = 4; lastKnownFileType = sourcecode.c.h; path = OASignatureProviding.h; sourceTree = "<group>"; };
		B3A38804132F25EF0090181E /* OAToken.h */ = {isa = PBXFileReference; fileEncoding = 4; lastKnownFileType = sourcecode.c.h; path = OAToken.h; sourceTree = "<group>"; };
		B3A38805132F25EF0090181E /* OAToken_KeychainExtensions.h */ = {isa = PBXFileReference; fileEncoding = 4; lastKnownFileType = sourcecode.c.h; path = OAToken_KeychainExtensions.h; sourceTree = "<group>"; };
		B3A38806132F25EF0090181E /* OAuthConsumer.h */ = {isa = PBXFileReference; fileEncoding = 4; lastKnownFileType = sourcecode.c.h; path = OAuthConsumer.h; sourceTree = "<group>"; };
		B3A38808132F25EF0090181E /* MGTwitterEngine.h */ = {isa = PBXFileReference; fileEncoding = 4; lastKnownFileType = sourcecode.c.h; path = MGTwitterEngine.h; sourceTree = "<group>"; };
		B3A38809132F25EF0090181E /* MGTwitterEngine.m */ = {isa = PBXFileReference; fileEncoding = 4; lastKnownFileType = sourcecode.c.objc; path = MGTwitterEngine.m; sourceTree = "<group>"; };
		B3A3880A132F25EF0090181E /* MGTwitterEngineDelegate.h */ = {isa = PBXFileReference; fileEncoding = 4; lastKnownFileType = sourcecode.c.h; path = MGTwitterEngineDelegate.h; sourceTree = "<group>"; };
		B3A3880B132F25EF0090181E /* MGTwitterEngineGlobalHeader.h */ = {isa = PBXFileReference; fileEncoding = 4; lastKnownFileType = sourcecode.c.h; path = MGTwitterEngineGlobalHeader.h; sourceTree = "<group>"; };
		B3A3880C132F25EF0090181E /* MGTwitterHTTPURLConnection.h */ = {isa = PBXFileReference; fileEncoding = 4; lastKnownFileType = sourcecode.c.h; path = MGTwitterHTTPURLConnection.h; sourceTree = "<group>"; };
		B3A3880D132F25EF0090181E /* MGTwitterHTTPURLConnection.m */ = {isa = PBXFileReference; fileEncoding = 4; lastKnownFileType = sourcecode.c.objc; path = MGTwitterHTTPURLConnection.m; sourceTree = "<group>"; };
		B3A3880E132F25EF0090181E /* MGTwitterLibXMLParser.h */ = {isa = PBXFileReference; fileEncoding = 4; lastKnownFileType = sourcecode.c.h; path = MGTwitterLibXMLParser.h; sourceTree = "<group>"; };
		B3A3880F132F25EF0090181E /* MGTwitterLibXMLParser.m */ = {isa = PBXFileReference; fileEncoding = 4; lastKnownFileType = sourcecode.c.objc; path = MGTwitterLibXMLParser.m; sourceTree = "<group>"; };
		B3A38810132F25EF0090181E /* MGTwitterMessagesLibXMLParser.h */ = {isa = PBXFileReference; fileEncoding = 4; lastKnownFileType = sourcecode.c.h; path = MGTwitterMessagesLibXMLParser.h; sourceTree = "<group>"; };
		B3A38811132F25EF0090181E /* MGTwitterMessagesLibXMLParser.m */ = {isa = PBXFileReference; fileEncoding = 4; lastKnownFileType = sourcecode.c.objc; path = MGTwitterMessagesLibXMLParser.m; sourceTree = "<group>"; };
		B3A38812132F25EF0090181E /* MGTwitterMessagesParser.h */ = {isa = PBXFileReference; fileEncoding = 4; lastKnownFileType = sourcecode.c.h; path = MGTwitterMessagesParser.h; sourceTree = "<group>"; };
		B3A38813132F25EF0090181E /* MGTwitterMessagesParser.m */ = {isa = PBXFileReference; fileEncoding = 4; lastKnownFileType = sourcecode.c.objc; path = MGTwitterMessagesParser.m; sourceTree = "<group>"; };
		B3A38814132F25EF0090181E /* MGTwitterMiscLibXMLParser.h */ = {isa = PBXFileReference; fileEncoding = 4; lastKnownFileType = sourcecode.c.h; path = MGTwitterMiscLibXMLParser.h; sourceTree = "<group>"; };
		B3A38815132F25EF0090181E /* MGTwitterMiscLibXMLParser.m */ = {isa = PBXFileReference; fileEncoding = 4; lastKnownFileType = sourcecode.c.objc; path = MGTwitterMiscLibXMLParser.m; sourceTree = "<group>"; };
		B3A38816132F25EF0090181E /* MGTwitterMiscParser.h */ = {isa = PBXFileReference; fileEncoding = 4; lastKnownFileType = sourcecode.c.h; path = MGTwitterMiscParser.h; sourceTree = "<group>"; };
		B3A38817132F25EF0090181E /* MGTwitterMiscParser.m */ = {isa = PBXFileReference; fileEncoding = 4; lastKnownFileType = sourcecode.c.objc; path = MGTwitterMiscParser.m; sourceTree = "<group>"; };
		B3A38818132F25EF0090181E /* MGTwitterParserDelegate.h */ = {isa = PBXFileReference; fileEncoding = 4; lastKnownFileType = sourcecode.c.h; path = MGTwitterParserDelegate.h; sourceTree = "<group>"; };
		B3A38819132F25EF0090181E /* MGTwitterRequestTypes.h */ = {isa = PBXFileReference; fileEncoding = 4; lastKnownFileType = sourcecode.c.h; path = MGTwitterRequestTypes.h; sourceTree = "<group>"; };
		B3A3881A132F25EF0090181E /* MGTwitterStatusesLibXMLParser.h */ = {isa = PBXFileReference; fileEncoding = 4; lastKnownFileType = sourcecode.c.h; path = MGTwitterStatusesLibXMLParser.h; sourceTree = "<group>"; };
		B3A3881B132F25EF0090181E /* MGTwitterStatusesLibXMLParser.m */ = {isa = PBXFileReference; fileEncoding = 4; lastKnownFileType = sourcecode.c.objc; path = MGTwitterStatusesLibXMLParser.m; sourceTree = "<group>"; };
		B3A3881C132F25EF0090181E /* MGTwitterStatusesParser.h */ = {isa = PBXFileReference; fileEncoding = 4; lastKnownFileType = sourcecode.c.h; path = MGTwitterStatusesParser.h; sourceTree = "<group>"; };
		B3A3881D132F25EF0090181E /* MGTwitterStatusesParser.m */ = {isa = PBXFileReference; fileEncoding = 4; lastKnownFileType = sourcecode.c.objc; path = MGTwitterStatusesParser.m; sourceTree = "<group>"; };
		B3A3881E132F25EF0090181E /* MGTwitterUsersLibXMLParser.h */ = {isa = PBXFileReference; fileEncoding = 4; lastKnownFileType = sourcecode.c.h; path = MGTwitterUsersLibXMLParser.h; sourceTree = "<group>"; };
		B3A3881F132F25EF0090181E /* MGTwitterUsersLibXMLParser.m */ = {isa = PBXFileReference; fileEncoding = 4; lastKnownFileType = sourcecode.c.objc; path = MGTwitterUsersLibXMLParser.m; sourceTree = "<group>"; };
		B3A38820132F25EF0090181E /* MGTwitterUsersParser.h */ = {isa = PBXFileReference; fileEncoding = 4; lastKnownFileType = sourcecode.c.h; path = MGTwitterUsersParser.h; sourceTree = "<group>"; };
		B3A38821132F25EF0090181E /* MGTwitterUsersParser.m */ = {isa = PBXFileReference; fileEncoding = 4; lastKnownFileType = sourcecode.c.objc; path = MGTwitterUsersParser.m; sourceTree = "<group>"; };
		B3A38822132F25EF0090181E /* MGTwitterXMLParser.h */ = {isa = PBXFileReference; fileEncoding = 4; lastKnownFileType = sourcecode.c.h; path = MGTwitterXMLParser.h; sourceTree = "<group>"; };
		B3A38823132F25EF0090181E /* MGTwitterXMLParser.m */ = {isa = PBXFileReference; fileEncoding = 4; lastKnownFileType = sourcecode.c.objc; path = MGTwitterXMLParser.m; sourceTree = "<group>"; };
		B3A38824132F25EF0090181E /* NSData+Base64.h */ = {isa = PBXFileReference; fileEncoding = 4; lastKnownFileType = sourcecode.c.h; path = "NSData+Base64.h"; sourceTree = "<group>"; };
		B3A38825132F25EF0090181E /* NSData+Base64.m */ = {isa = PBXFileReference; fileEncoding = 4; lastKnownFileType = sourcecode.c.objc; path = "NSData+Base64.m"; sourceTree = "<group>"; };
		B3A38826132F25EF0090181E /* NSString+UUID.h */ = {isa = PBXFileReference; fileEncoding = 4; lastKnownFileType = sourcecode.c.h; path = "NSString+UUID.h"; sourceTree = "<group>"; };
		B3A38827132F25EF0090181E /* NSString+UUID.m */ = {isa = PBXFileReference; fileEncoding = 4; lastKnownFileType = sourcecode.c.objc; path = "NSString+UUID.m"; sourceTree = "<group>"; };
		B3A38829132F25EF0090181E /* SA_OAuthTwitterController.h */ = {isa = PBXFileReference; fileEncoding = 4; lastKnownFileType = sourcecode.c.h; path = SA_OAuthTwitterController.h; sourceTree = "<group>"; };
		B3A3882A132F25EF0090181E /* SA_OAuthTwitterController.m */ = {isa = PBXFileReference; fileEncoding = 4; lastKnownFileType = sourcecode.c.objc; path = SA_OAuthTwitterController.m; sourceTree = "<group>"; };
		B3A3882B132F25EF0090181E /* SA_OAuthTwitterEngine.h */ = {isa = PBXFileReference; fileEncoding = 4; lastKnownFileType = sourcecode.c.h; path = SA_OAuthTwitterEngine.h; sourceTree = "<group>"; };
		B3A3882C132F25EF0090181E /* SA_OAuthTwitterEngine.m */ = {isa = PBXFileReference; fileEncoding = 4; lastKnownFileType = sourcecode.c.objc; path = SA_OAuthTwitterEngine.m; sourceTree = "<group>"; };
		B3A3882D132F25EF0090181E /* twitter_load.png */ = {isa = PBXFileReference; lastKnownFileType = image.png; path = twitter_load.png; sourceTree = "<group>"; };
		B3A388C3132F2B740090181E /* libxml2.dylib */ = {isa = PBXFileReference; lastKnownFileType = "compiled.mach-o.dylib"; name = libxml2.dylib; path = usr/lib/libxml2.dylib; sourceTree = SDKROOT; };
		B3A38934132F3EA60090181E /* like_btn.png */ = {isa = PBXFileReference; lastKnownFileType = image.png; path = like_btn.png; sourceTree = "<group>"; };
		B3A3893A132F3EE40090181E /* dislike_btn.png */ = {isa = PBXFileReference; lastKnownFileType = image.png; path = dislike_btn.png; sourceTree = "<group>"; };
/* End PBXFileReference section */

/* Begin PBXFrameworksBuildPhase section */
		1D60588F0D05DD3D006BFB54 /* Frameworks */ = {
			isa = PBXFrameworksBuildPhase;
			buildActionMask = 2147483647;
			files = (
				1D60589F0D05DD5A006BFB54 /* Foundation.framework in Frameworks */,
				1DF5F4E00D08C38300B7A737 /* UIKit.framework in Frameworks */,
				288765FD0DF74451002DB57D /* CoreGraphics.framework in Frameworks */,
				B3A38842132F25EF0090181E /* libOAuth.a in Frameworks */,
				B3A388C4132F2B740090181E /* libxml2.dylib in Frameworks */,
			);
			runOnlyForDeploymentPostprocessing = 0;
		};
/* End PBXFrameworksBuildPhase section */

/* Begin PBXGroup section */
		080E96DDFE201D6D7F000001 /* Classes */ = {
			isa = PBXGroup;
			children = (
				B3A387C6132F25BC0090181E /* Twitter-Oauth */,
				B3A38754132EE2100090181E /* ClassiwhaleSingleton */,
				B3A386E6132EC6B90090181E /* Search */,
				B3A386DB132EC0C50090181E /* Whale */,
				B3A386DA132EC0AC0090181E /* Following */,
				B3A386D9132EC0980090181E /* Timeline */,
				B3A386A8132EB5EC0090181E /* SplashScreen */,
				B3A386BD132EBCB00090181E /* AppDelegate */,
			);
			path = Classes;
			sourceTree = "<group>";
		};
		19C28FACFE9D520D11CA2CBB /* Products */ = {
			isa = PBXGroup;
			children = (
				1D6058910D05DD3D006BFB54 /* classiwhale.app */,
			);
			name = Products;
			sourceTree = "<group>";
		};
		29B97314FDCFA39411CA2CEA /* CustomTemplate */ = {
			isa = PBXGroup;
			children = (
				080E96DDFE201D6D7F000001 /* Classes */,
				29B97315FDCFA39411CA2CEA /* Other Sources */,
				29B97317FDCFA39411CA2CEA /* Resources */,
				29B97323FDCFA39411CA2CEA /* Frameworks */,
				19C28FACFE9D520D11CA2CBB /* Products */,
			);
			name = CustomTemplate;
			sourceTree = "<group>";
		};
		29B97315FDCFA39411CA2CEA /* Other Sources */ = {
			isa = PBXGroup;
			children = (
				32CA4F630368D1EE00C91783 /* classiwhale_Prefix.pch */,
				29B97316FDCFA39411CA2CEA /* main.m */,
			);
			name = "Other Sources";
			sourceTree = "<group>";
		};
		29B97317FDCFA39411CA2CEA /* Resources */ = {
			isa = PBXGroup;
			children = (
				B3704698132F48DA006A3A7F /* JSON */,
				B3A3893A132F3EE40090181E /* dislike_btn.png */,
				B3A38934132F3EA60090181E /* like_btn.png */,
				B3A386E7132EC6CD0090181E /* Tab Bar Icons */,
				B3A386B7132EBC1A0090181E /* loginButton.png */,
				B3A386B1132EBBE60090181E /* classiwhale_splash.png */,
				28AD733E0D9D9553002E5188 /* MainWindow.xib */,
				8D1107310486CEB800E47090 /* classiwhale-Info.plist */,
			);
			name = Resources;
			sourceTree = "<group>";
		};
		29B97323FDCFA39411CA2CEA /* Frameworks */ = {
			isa = PBXGroup;
			children = (
				1DF5F4DF0D08C38300B7A737 /* UIKit.framework */,
				1D30AB110D05D00D00671497 /* Foundation.framework */,
				288765FC0DF74451002DB57D /* CoreGraphics.framework */,
				B3A388C3132F2B740090181E /* libxml2.dylib */,
			);
			name = Frameworks;
			sourceTree = "<group>";
		};
		B3704698132F48DA006A3A7F /* JSON */ = {
			isa = PBXGroup;
			children = (
				B3704699132F48DA006A3A7F /* JSON.h */,
				B370469A132F48DA006A3A7F /* NSObject+SBJSON.h */,
				B370469B132F48DA006A3A7F /* NSObject+SBJSON.m */,
				B370469C132F48DA006A3A7F /* NSString+SBJSON.h */,
				B370469D132F48DA006A3A7F /* NSString+SBJSON.m */,
				B370469E132F48DA006A3A7F /* SBJSON.h */,
				B370469F132F48DA006A3A7F /* SBJSON.m */,
				B37046A0132F48DA006A3A7F /* SBJsonBase.h */,
				B37046A1132F48DA006A3A7F /* SBJsonBase.m */,
				B37046A2132F48DA006A3A7F /* SBJsonParser.h */,
				B37046A3132F48DA006A3A7F /* SBJsonParser.m */,
				B37046A4132F48DA006A3A7F /* SBJsonWriter.h */,
				B37046A5132F48DA006A3A7F /* SBJsonWriter.m */,
			);
			path = JSON;
			sourceTree = "<group>";
		};
		B3A386A8132EB5EC0090181E /* SplashScreen */ = {
			isa = PBXGroup;
			children = (
				B3A386A9132EB62D0090181E /* SplashScreenViewController.h */,
				B3A386AA132EB62D0090181E /* SplashScreenViewController.m */,
				B3A386AB132EB62D0090181E /* SplashScreenViewController.xib */,
			);
			name = SplashScreen;
			sourceTree = "<group>";
		};
		B3A386BD132EBCB00090181E /* AppDelegate */ = {
			isa = PBXGroup;
			children = (
				1D3623240D0F684500981E51 /* classiwhaleAppDelegate.h */,
				1D3623250D0F684500981E51 /* classiwhaleAppDelegate.m */,
			);
			name = AppDelegate;
			sourceTree = "<group>";
		};
		B3A386D9132EC0980090181E /* Timeline */ = {
			isa = PBXGroup;
			children = (
				B3A3873E132EDD660090181E /* TimelineViewController.h */,
				B3A3873F132EDD660090181E /* TimelineViewController.m */,
				B3A38740132EDD660090181E /* TimelineViewController.xib */,
				B3A38743132EDD710090181E /* TimelineCell.h */,
				B3A38744132EDD710090181E /* TimelineCell.m */,
				B3A38746132EDD810090181E /* TimelineCell.xib */,
			);
			name = Timeline;
			sourceTree = "<group>";
		};
		B3A386DA132EC0AC0090181E /* Following */ = {
			isa = PBXGroup;
			children = (
				B3A386F3132EC7DD0090181E /* FollowingViewController.h */,
				B3A386F4132EC7DD0090181E /* FollowingViewController.m */,
				B3A386F5132EC7DD0090181E /* FollowingViewController.xib */,
			);
			name = Following;
			sourceTree = "<group>";
		};
		B3A386DB132EC0C50090181E /* Whale */ = {
			isa = PBXGroup;
			children = (
				B3A386E1132EC10A0090181E /* WhaleViewController.h */,
				B3A386E2132EC10A0090181E /* WhaleViewController.m */,
				B3A386E3132EC10A0090181E /* WhaleViewController.xib */,
			);
			name = Whale;
			sourceTree = "<group>";
		};
		B3A386E6132EC6B90090181E /* Search */ = {
			isa = PBXGroup;
			children = (
				B3A386EE132EC7C90090181E /* SearchViewController.h */,
				B3A386EF132EC7C90090181E /* SearchViewController.m */,
				B3A386F0132EC7C90090181E /* SearchViewController.xib */,
			);
			name = Search;
			sourceTree = "<group>";
		};
		B3A386E7132EC6CD0090181E /* Tab Bar Icons */ = {
			isa = PBXGroup;
			children = (
				B3A38724132ECC760090181E /* tabbar_whale.png */,
				B3A386E8132EC73B0090181E /* magnify.png */,
				B3A386E9132EC73B0090181E /* group.png */,
				B3A386EA132EC73B0090181E /* newspaper.png */,
			);
			name = "Tab Bar Icons";
			sourceTree = "<group>";
		};
		B3A38754132EE2100090181E /* ClassiwhaleSingleton */ = {
			isa = PBXGroup;
			children = (
				B3A38755132EE21C0090181E /* ClassiwhaleSingleton.h */,
				B3A38756132EE21C0090181E /* ClassiwhaleSingleton.m */,
			);
			name = ClassiwhaleSingleton;
			sourceTree = "<group>";
		};
		B3A387C6132F25BC0090181E /* Twitter-Oauth */ = {
			isa = PBXGroup;
			children = (
				B3A387F2132F25EF0090181E /* Twitter+OAuth */,
			);
			name = "Twitter-Oauth";
			sourceTree = "<group>";
		};
		B3A387F2132F25EF0090181E /* Twitter+OAuth */ = {
			isa = PBXGroup;
			children = (
				B3A387F3132F25EF0090181E /* Libraries & Headers */,
				B3A38807132F25EF0090181E /* MGTwitterEngine */,
				B3A38828132F25EF0090181E /* SAOAuthTwitterEngine */,
			);
			path = "Twitter+OAuth";
			sourceTree = "<group>";
		};
		B3A387F3132F25EF0090181E /* Libraries & Headers */ = {
			isa = PBXGroup;
			children = (
				B3A387F4132F25EF0090181E /* jQueryInject.txt */,
				B3A387F5132F25EF0090181E /* jQueryInjectLandscape.txt */,
				B3A387F6132F25EF0090181E /* libOAuth.a */,
				B3A387F7132F25EF0090181E /* OAuthConsumer */,
			);
			path = "Libraries & Headers";
			sourceTree = "<group>";
		};
		B3A387F7132F25EF0090181E /* OAuthConsumer */ = {
			isa = PBXGroup;
			children = (
				B3A387F8132F25EF0090181E /* NSMutableURLRequest+Parameters.h */,
				B3A387F9132F25EF0090181E /* NSString+URLEncoding.h */,
				B3A387FA132F25EF0090181E /* NSURL+Base.h */,
				B3A387FB132F25EF0090181E /* OAAsynchronousDataFetcher.h */,
				B3A387FC132F25EF0090181E /* OAConsumer.h */,
				B3A387FD132F25EF0090181E /* OADataFetcher.h */,
				B3A387FE132F25EF0090181E /* OAHMAC_SHA1SignatureProvider.h */,
				B3A387FF132F25EF0090181E /* OAMutableURLRequest.h */,
				B3A38800132F25EF0090181E /* OAPlaintextSignatureProvider.h */,
				B3A38801132F25EF0090181E /* OARequestParameter.h */,
				B3A38802132F25EF0090181E /* OAServiceTicket.h */,
				B3A38803132F25EF0090181E /* OASignatureProviding.h */,
				B3A38804132F25EF0090181E /* OAToken.h */,
				B3A38805132F25EF0090181E /* OAToken_KeychainExtensions.h */,
				B3A38806132F25EF0090181E /* OAuthConsumer.h */,
			);
			path = OAuthConsumer;
			sourceTree = "<group>";
		};
		B3A38807132F25EF0090181E /* MGTwitterEngine */ = {
			isa = PBXGroup;
			children = (
				B3A38808132F25EF0090181E /* MGTwitterEngine.h */,
				B3A38809132F25EF0090181E /* MGTwitterEngine.m */,
				B3A3880A132F25EF0090181E /* MGTwitterEngineDelegate.h */,
				B3A3880B132F25EF0090181E /* MGTwitterEngineGlobalHeader.h */,
				B3A3880C132F25EF0090181E /* MGTwitterHTTPURLConnection.h */,
				B3A3880D132F25EF0090181E /* MGTwitterHTTPURLConnection.m */,
				B3A3880E132F25EF0090181E /* MGTwitterLibXMLParser.h */,
				B3A3880F132F25EF0090181E /* MGTwitterLibXMLParser.m */,
				B3A38810132F25EF0090181E /* MGTwitterMessagesLibXMLParser.h */,
				B3A38811132F25EF0090181E /* MGTwitterMessagesLibXMLParser.m */,
				B3A38812132F25EF0090181E /* MGTwitterMessagesParser.h */,
				B3A38813132F25EF0090181E /* MGTwitterMessagesParser.m */,
				B3A38814132F25EF0090181E /* MGTwitterMiscLibXMLParser.h */,
				B3A38815132F25EF0090181E /* MGTwitterMiscLibXMLParser.m */,
				B3A38816132F25EF0090181E /* MGTwitterMiscParser.h */,
				B3A38817132F25EF0090181E /* MGTwitterMiscParser.m */,
				B3A38818132F25EF0090181E /* MGTwitterParserDelegate.h */,
				B3A38819132F25EF0090181E /* MGTwitterRequestTypes.h */,
				B3A3881A132F25EF0090181E /* MGTwitterStatusesLibXMLParser.h */,
				B3A3881B132F25EF0090181E /* MGTwitterStatusesLibXMLParser.m */,
				B3A3881C132F25EF0090181E /* MGTwitterStatusesParser.h */,
				B3A3881D132F25EF0090181E /* MGTwitterStatusesParser.m */,
				B3A3881E132F25EF0090181E /* MGTwitterUsersLibXMLParser.h */,
				B3A3881F132F25EF0090181E /* MGTwitterUsersLibXMLParser.m */,
				B3A38820132F25EF0090181E /* MGTwitterUsersParser.h */,
				B3A38821132F25EF0090181E /* MGTwitterUsersParser.m */,
				B3A38822132F25EF0090181E /* MGTwitterXMLParser.h */,
				B3A38823132F25EF0090181E /* MGTwitterXMLParser.m */,
				B3A38824132F25EF0090181E /* NSData+Base64.h */,
				B3A38825132F25EF0090181E /* NSData+Base64.m */,
				B3A38826132F25EF0090181E /* NSString+UUID.h */,
				B3A38827132F25EF0090181E /* NSString+UUID.m */,
			);
			path = MGTwitterEngine;
			sourceTree = "<group>";
		};
		B3A38828132F25EF0090181E /* SAOAuthTwitterEngine */ = {
			isa = PBXGroup;
			children = (
				B3A38829132F25EF0090181E /* SA_OAuthTwitterController.h */,
				B3A3882A132F25EF0090181E /* SA_OAuthTwitterController.m */,
				B3A3882B132F25EF0090181E /* SA_OAuthTwitterEngine.h */,
				B3A3882C132F25EF0090181E /* SA_OAuthTwitterEngine.m */,
				B3A3882D132F25EF0090181E /* twitter_load.png */,
			);
			path = SAOAuthTwitterEngine;
			sourceTree = "<group>";
		};
/* End PBXGroup section */

/* Begin PBXNativeTarget section */
		1D6058900D05DD3D006BFB54 /* classiwhale */ = {
			isa = PBXNativeTarget;
			buildConfigurationList = 1D6058960D05DD3E006BFB54 /* Build configuration list for PBXNativeTarget "classiwhale" */;
			buildPhases = (
				1D60588D0D05DD3D006BFB54 /* Resources */,
				1D60588E0D05DD3D006BFB54 /* Sources */,
				1D60588F0D05DD3D006BFB54 /* Frameworks */,
			);
			buildRules = (
			);
			dependencies = (
			);
			name = classiwhale;
			productName = classiwhale;
			productReference = 1D6058910D05DD3D006BFB54 /* classiwhale.app */;
			productType = "com.apple.product-type.application";
		};
/* End PBXNativeTarget section */

/* Begin PBXProject section */
		29B97313FDCFA39411CA2CEA /* Project object */ = {
			isa = PBXProject;
			buildConfigurationList = C01FCF4E08A954540054247B /* Build configuration list for PBXProject "classiwhale" */;
			compatibilityVersion = "Xcode 3.1";
			developmentRegion = English;
			hasScannedForEncodings = 1;
			knownRegions = (
				English,
				Japanese,
				French,
				German,
			);
			mainGroup = 29B97314FDCFA39411CA2CEA /* CustomTemplate */;
			projectDirPath = "";
			projectRoot = "";
			targets = (
				1D6058900D05DD3D006BFB54 /* classiwhale */,
			);
		};
/* End PBXProject section */

/* Begin PBXResourcesBuildPhase section */
		1D60588D0D05DD3D006BFB54 /* Resources */ = {
			isa = PBXResourcesBuildPhase;
			buildActionMask = 2147483647;
			files = (
				28AD733F0D9D9553002E5188 /* MainWindow.xib in Resources */,
				B3A386AD132EB62D0090181E /* SplashScreenViewController.xib in Resources */,
				B3A386B2132EBBE60090181E /* classiwhale_splash.png in Resources */,
				B3A386B8132EBC1A0090181E /* loginButton.png in Resources */,
				B3A386E5132EC10A0090181E /* WhaleViewController.xib in Resources */,
				B3A386EB132EC73B0090181E /* magnify.png in Resources */,
				B3A386EC132EC73B0090181E /* group.png in Resources */,
				B3A386ED132EC73B0090181E /* newspaper.png in Resources */,
				B3A386F2132EC7C90090181E /* SearchViewController.xib in Resources */,
				B3A386F7132EC7DD0090181E /* FollowingViewController.xib in Resources */,
				B3A38725132ECC760090181E /* tabbar_whale.png in Resources */,
				B3A38742132EDD660090181E /* TimelineViewController.xib in Resources */,
				B3A38747132EDD810090181E /* TimelineCell.xib in Resources */,
				B3A38840132F25EF0090181E /* jQueryInject.txt in Resources */,
				B3A38841132F25EF0090181E /* jQueryInjectLandscape.txt in Resources */,
				B3A38853132F25EF0090181E /* twitter_load.png in Resources */,
				B3A38935132F3EA60090181E /* like_btn.png in Resources */,
				B3A3893B132F3EE40090181E /* dislike_btn.png in Resources */,
			);
			runOnlyForDeploymentPostprocessing = 0;
		};
/* End PBXResourcesBuildPhase section */

/* Begin PBXSourcesBuildPhase section */
		1D60588E0D05DD3D006BFB54 /* Sources */ = {
			isa = PBXSourcesBuildPhase;
			buildActionMask = 2147483647;
			files = (
				1D60589B0D05DD56006BFB54 /* main.m in Sources */,
				1D3623260D0F684500981E51 /* classiwhaleAppDelegate.m in Sources */,
				B3A386AC132EB62D0090181E /* SplashScreenViewController.m in Sources */,
				B3A386E4132EC10A0090181E /* WhaleViewController.m in Sources */,
				B3A386F1132EC7C90090181E /* SearchViewController.m in Sources */,
				B3A386F6132EC7DD0090181E /* FollowingViewController.m in Sources */,
				B3A38741132EDD660090181E /* TimelineViewController.m in Sources */,
				B3A38745132EDD710090181E /* TimelineCell.m in Sources */,
				B3A38757132EE21C0090181E /* ClassiwhaleSingleton.m in Sources */,
				B3A38843132F25EF0090181E /* MGTwitterEngine.m in Sources */,
				B3A38844132F25EF0090181E /* MGTwitterHTTPURLConnection.m in Sources */,
				B3A38845132F25EF0090181E /* MGTwitterLibXMLParser.m in Sources */,
				B3A38846132F25EF0090181E /* MGTwitterMessagesLibXMLParser.m in Sources */,
				B3A38847132F25EF0090181E /* MGTwitterMessagesParser.m in Sources */,
				B3A38848132F25EF0090181E /* MGTwitterMiscLibXMLParser.m in Sources */,
				B3A38849132F25EF0090181E /* MGTwitterMiscParser.m in Sources */,
				B3A3884A132F25EF0090181E /* MGTwitterStatusesLibXMLParser.m in Sources */,
				B3A3884B132F25EF0090181E /* MGTwitterStatusesParser.m in Sources */,
				B3A3884C132F25EF0090181E /* MGTwitterUsersLibXMLParser.m in Sources */,
				B3A3884D132F25EF0090181E /* MGTwitterUsersParser.m in Sources */,
				B3A3884E132F25EF0090181E /* MGTwitterXMLParser.m in Sources */,
				B3A3884F132F25EF0090181E /* NSData+Base64.m in Sources */,
				B3A38850132F25EF0090181E /* NSString+UUID.m in Sources */,
				B3A38851132F25EF0090181E /* SA_OAuthTwitterController.m in Sources */,
				B3A38852132F25EF0090181E /* SA_OAuthTwitterEngine.m in Sources */,
				B37046A6132F48DA006A3A7F /* NSObject+SBJSON.m in Sources */,
				B37046A7132F48DA006A3A7F /* NSString+SBJSON.m in Sources */,
				B37046A8132F48DA006A3A7F /* SBJSON.m in Sources */,
				B37046A9132F48DA006A3A7F /* SBJsonBase.m in Sources */,
				B37046AA132F48DA006A3A7F /* SBJsonParser.m in Sources */,
				B37046AB132F48DA006A3A7F /* SBJsonWriter.m in Sources */,
			);
			runOnlyForDeploymentPostprocessing = 0;
		};
/* End PBXSourcesBuildPhase section */

/* Begin XCBuildConfiguration section */
		1D6058940D05DD3E006BFB54 /* Debug */ = {
			isa = XCBuildConfiguration;
			buildSettings = {
				ALWAYS_SEARCH_USER_PATHS = NO;
				COPY_PHASE_STRIP = NO;
				GCC_DYNAMIC_NO_PIC = NO;
				GCC_OPTIMIZATION_LEVEL = 0;
				GCC_PRECOMPILE_PREFIX_HEADER = YES;
				GCC_PREFIX_HEADER = classiwhale_Prefix.pch;
				INFOPLIST_FILE = "classiwhale-Info.plist";
				LIBRARY_SEARCH_PATHS = (
					"$(inherited)",
					"\"$(SRCROOT)/Classes/Twitter+OAuth/Libraries & Headers\"",
				);
				PRODUCT_NAME = classiwhale;
			};
			name = Debug;
		};
		1D6058950D05DD3E006BFB54 /* Release */ = {
			isa = XCBuildConfiguration;
			buildSettings = {
				ALWAYS_SEARCH_USER_PATHS = NO;
				COPY_PHASE_STRIP = YES;
				GCC_PRECOMPILE_PREFIX_HEADER = YES;
				GCC_PREFIX_HEADER = classiwhale_Prefix.pch;
				INFOPLIST_FILE = "classiwhale-Info.plist";
				LIBRARY_SEARCH_PATHS = (
					"$(inherited)",
					"\"$(SRCROOT)/Classes/Twitter+OAuth/Libraries & Headers\"",
				);
				PRODUCT_NAME = classiwhale;
				VALIDATE_PRODUCT = YES;
			};
			name = Release;
		};
		C01FCF4F08A954540054247B /* Debug */ = {
			isa = XCBuildConfiguration;
			buildSettings = {
				ARCHS = "$(ARCHS_STANDARD_32_BIT)";
				"CODE_SIGN_IDENTITY[sdk=iphoneos*]" = "iPhone Developer";
				GCC_C_LANGUAGE_STANDARD = c99;
				GCC_WARN_ABOUT_RETURN_TYPE = YES;
				GCC_WARN_UNUSED_VARIABLE = YES;
				HEADER_SEARCH_PATHS = "$SDKROOT/usr/include/libxml2/**";
				PREBINDING = NO;
				SDKROOT = iphoneos;
			};
			name = Debug;
		};
		C01FCF5008A954540054247B /* Release */ = {
			isa = XCBuildConfiguration;
			buildSettings = {
				ARCHS = "$(ARCHS_STANDARD_32_BIT)";
				"CODE_SIGN_IDENTITY[sdk=iphoneos*]" = "iPhone Developer";
				GCC_C_LANGUAGE_STANDARD = c99;
				GCC_WARN_ABOUT_RETURN_TYPE = YES;
				GCC_WARN_UNUSED_VARIABLE = YES;
				HEADER_SEARCH_PATHS = "$SDKROOT/usr/include/libxml2/**";
				OTHER_CFLAGS = "-DNS_BLOCK_ASSERTIONS=1";
				PREBINDING = NO;
				SDKROOT = iphoneos;
			};
			name = Release;
		};
/* End XCBuildConfiguration section */

/* Begin XCConfigurationList section */
		1D6058960D05DD3E006BFB54 /* Build configuration list for PBXNativeTarget "classiwhale" */ = {
			isa = XCConfigurationList;
			buildConfigurations = (
				1D6058940D05DD3E006BFB54 /* Debug */,
				1D6058950D05DD3E006BFB54 /* Release */,
			);
			defaultConfigurationIsVisible = 0;
			defaultConfigurationName = Release;
		};
		C01FCF4E08A954540054247B /* Build configuration list for PBXProject "classiwhale" */ = {
			isa = XCConfigurationList;
			buildConfigurations = (
				C01FCF4F08A954540054247B /* Debug */,
				C01FCF5008A954540054247B /* Release */,
			);
			defaultConfigurationIsVisible = 0;
			defaultConfigurationName = Release;
		};
/* End XCConfigurationList section */
	};
	rootObject = 29B97313FDCFA39411CA2CEA /* Project object */;
}
